
Microsoft Visual Studio Solution File, Format Version 12.00
# Visual Studio 15
VisualStudioVersion = 15.0.28307.572
MinimumVisualStudioVersion = 10.0.40219.1
Project("{FAE04EC0-301F-11D3-BF4B-00C04F79EFBC}") = "PluginExample", "PluginExample\PluginExample.csproj", "{83247190-E21C-4AE4-B86B-B1D430EC374E}"
EndProject
Global
	GlobalSection(SolutionConfigurationPlatforms) = preSolution
		Debug|Any CPU = Debug|Any CPU
		Release|Any CPU = Release|Any CPU
	EndGlobalSection
	GlobalSection(ProjectConfigurationPlatforms) = postSolution
		{83247190-E21C-4AE4-B86B-B1D430EC374E}.Debug|Any CPU.ActiveCfg = Debug|Any CPU
		{83247190-E21C-4AE4-B86B-B1D430EC374E}.Debug|Any CPU.Build.0 = Debug|Any CPU
		{83247190-E21C-4AE4-B86B-B1D430EC374E}.Release|Any CPU.ActiveCfg = Release|Any CPU
		{83247190-E21C-4AE4-B86B-B1D430EC374E}.Release|Any CPU.Build.0 = Release|Any CPU
	EndGlobalSection
	GlobalSection(SolutionProperties) = preSolution
		HideSolutionNode = FALSE
	EndGlobalSection
	GlobalSection(ExtensibilityGlobals) = postSolution
		SolutionGuid = {86245C6C-B91E-48EB-ADB3-4AD3306585B9}
	EndGlobalSection
EndGlobal
